# @generated - this file is auto-generated by `mise lock` https://mise.en.dev/dev-tools/mise-lock.html

[[tools."github:extism/cli"]]
version = "1.6.3"
backend = "github:extism/cli"

[tools."github:extism/cli"."platforms.linux-arm64"]
checksum = "sha256:d92f830c9be39637569feacb04e9750c28848df6d9a219db94152a9b4eb9452b"
url = "https://github.com/extism/cli/releases/download/v1.6.3/extism-v1.6.3-linux-arm64.tar.gz"
url_api = "https://api.github.com/repos/extism/cli/releases/assets/275694030"

[tools."github:extism/cli"."platforms.linux-arm64-musl"]
checksum = "sha256:d92f830c9be39637569feacb04e9750c28848df6d9a219db94152a9b4eb9452b"
url = "https://github.com/extism/cli/releases/download/v1.6.3/extism-v1.6.3-linux-arm64.tar.gz"
url_api = "https://api.github.com/repos/extism/cli/releases/assets/275694030"

[tools."github:extism/cli"."platforms.linux-x64"]
checksum = "sha256:34e7ae9bfded6e2c32dee83f70a4e50d34f9d3e80d1762b09625fe82e214d02d"
url = "https://github.com/extism/cli/releases/download/v1.6.3/extism-v1.6.3-linux-amd64.tar.gz"
url_api = "https://api.github.com/repos/extism/cli/releases/assets/275694025"

[tools."github:extism/cli"."platforms.linux-x64-musl"]
checksum = "sha256:34e7ae9bfded6e2c32dee83f70a4e50d34f9d3e80d1762b09625fe82e214d02d"
url = "https://github.com/extism/cli/releases/download/v1.6.3/extism-v1.6.3-linux-amd64.tar.gz"
url_api = "https://api.github.com/repos/extism/cli/releases/assets/275694025"

[tools."github:extism/cli"."platforms.macos-arm64"]
checksum = "sha256:b4ddbc575b5ac000115247f781723f9b9f284ed87b29c600539d72161b5b29fc"
url = "https://github.com/extism/cli/releases/download/v1.6.3/extism-v1.6.3-darwin-arm64.tar.gz"
url_api = "https://api.github.com/repos/extism/cli/releases/assets/275694029"

[tools."github:extism/cli"."platforms.macos-x64"]
checksum = "sha256:9a2f71b6e6009685a622cc3084e52d2a1a8e23c98d29ffa72e666e9dc699855f"
url = "https://github.com/extism/cli/releases/download/v1.6.3/extism-v1.6.3-darwin-amd64.tar.gz"
url_api = "https://api.github.com/repos/extism/cli/releases/assets/275694026"

[tools."github:extism/cli"."platforms.windows-x64"]
checksum = "sha256:47e4ed2782445b2b08a4d1ac127211588f8b4d1fc25fd6481d4cb65151b5213c"
url = "https://github.com/extism/cli/releases/download/v1.6.3/extism-v1.6.3-windows-amd64.zip"
url_api = "https://api.github.com/repos/extism/cli/releases/assets/275694035"

[[tools."github:extism/js-pdk"]]
version = "1.6.0"
backend = "github:extism/js-pdk"

[tools."github:extism/js-pdk"."platforms.linux-arm64"]
checksum = "sha256:15a186250e68d6bff4ec839fff275d45a90e383a69209dcc1239eb9e3aee6e1b"
url = "https://github.com/extism/js-pdk/releases/download/v1.6.0/extism-js-aarch64-linux-v1.6.0.gz"
url_api = "https://api.github.com/repos/extism/js-pdk/releases/assets/353223214"

[tools."github:extism/js-pdk"."platforms.linux-arm64-musl"]
checksum = "sha256:15a186250e68d6bff4ec839fff275d45a90e383a69209dcc1239eb9e3aee6e1b"
url = "https://github.com/extism/js-pdk/releases/download/v1.6.0/extism-js-aarch64-linux-v1.6.0.gz"
url_api = "https://api.github.com/repos/extism/js-pdk/releases/assets/353223214"

[tools."github:extism/js-pdk"."platforms.linux-x64"]
checksum = "sha256:4ded271ccf465031ccd0dc35e7a140e134d7f30721671cc4a8e1ff805d4aad68"
url = "https://github.com/extism/js-pdk/releases/download/v1.6.0/extism-js-x86_64-linux-v1.6.0.gz"
url_api = "https://api.github.com/repos/extism/js-pdk/releases/assets/353223119"

[tools."github:extism/js-pdk"."platforms.linux-x64-musl"]
checksum = "sha256:4ded271ccf465031ccd0dc35e7a140e134d7f30721671cc4a8e1ff805d4aad68"
url = "https://github.com/extism/js-pdk/releases/download/v1.6.0/extism-js-x86_64-linux-v1.6.0.gz"
url_api = "https://api.github.com/repos/extism/js-pdk/releases/assets/353223119"

[tools."github:extism/js-pdk"."platforms.macos-arm64"]
checksum = "sha256:548e25bda3971a07c32d78a249135cf8cb7b3eede101e878e06e53e01ac2e0ce"
url = "https://github.com/extism/js-pdk/releases/download/v1.6.0/extism-js-aarch64-macos-v1.6.0.gz"
url_api = "https://api.github.com/repos/extism/js-pdk/releases/assets/353223215"

[tools."github:extism/js-pdk"."platforms.macos-x64"]
checksum = "sha256:d85a875c2a071f0c29fe572764c52c3a499f157ab7f9efac8939a4364390e29b"
url = "https://github.com/extism/js-pdk/releases/download/v1.6.0/extism-js-x86_64-macos-v1.6.0.gz"
url_api = "https://api.github.com/repos/extism/js-pdk/releases/assets/353223239"

[tools."github:extism/js-pdk"."platforms.windows-x64"]
checksum = "sha256:97b7b746141e4777e1ca2b76febdeb16dc9d314ff6a4257df05a476b67228acc"
url = "https://github.com/extism/js-pdk/releases/download/v1.6.0/extism-js-x86_64-windows-v1.6.0.gz"
url_api = "https://api.github.com/repos/extism/js-pdk/releases/assets/353224133"

[[tools."github:jellyfin/jellyfin-ffmpeg"]]
version = "7.1.3-6"
backend = "github:jellyfin/jellyfin-ffmpeg"

[tools."github:jellyfin/jellyfin-ffmpeg".options]
asset_pattern = "jellyfin-ffmpeg_*_portable_macarm64-gpl.tar.xz"

[tools."github:jellyfin/jellyfin-ffmpeg"."platforms.macos-arm64"]
checksum = "sha256:e024d5e78d5414e75f0181036cd21373fafb9270c72894dfd7dbda2572439820"
url = "https://github.com/jellyfin/jellyfin-ffmpeg/releases/download/v7.1.3-6/jellyfin-ffmpeg_7.1.3-6_portable_macarm64-gpl.tar.xz"
url_api = "https://api.github.com/repos/jellyfin/jellyfin-ffmpeg/releases/assets/408995838"

[[tools."github:jellyfin/jellyfin-ffmpeg"]]
version = "7.1.3-6"
backend = "github:jellyfin/jellyfin-ffmpeg"

[tools."github:jellyfin/jellyfin-ffmpeg".options]
asset_pattern = "jellyfin-ffmpeg_*_portable_linuxarm64-gpl.tar.xz"

[tools."github:jellyfin/jellyfin-ffmpeg"."platforms.linux-arm64"]
checksum = "sha256:bea03c670e8cc5bfe9edc0c5d624d4735421610cef5e808db93e7d8596952886"
url = "https://github.com/jellyfin/jellyfin-ffmpeg/releases/download/v7.1.3-6/jellyfin-ffmpeg_7.1.3-6_portable_linuxarm64-gpl.tar.xz"
url_api = "https://api.github.com/repos/jellyfin/jellyfin-ffmpeg/releases/assets/409048876"

[tools."github:jellyfin/jellyfin-ffmpeg"."platforms.linux-arm64-musl"]
checksum = "sha256:bea03c670e8cc5bfe9edc0c5d624d4735421610cef5e808db93e7d8596952886"
url = "https://github.com/jellyfin/jellyfin-ffmpeg/releases/download/v7.1.3-6/jellyfin-ffmpeg_7.1.3-6_portable_linuxarm64-gpl.tar.xz"
url_api = "https://api.github.com/repos/jellyfin/jellyfin-ffmpeg/releases/assets/409048876"

[[tools."github:jellyfin/jellyfin-ffmpeg"]]
version = "7.1.3-6"
backend = "github:jellyfin/jellyfin-ffmpeg"

[tools."github:jellyfin/jellyfin-ffmpeg".options]
asset_pattern = "jellyfin-ffmpeg_*_portable_linux64-gpl.tar.xz"

[tools."github:jellyfin/jellyfin-ffmpeg"."platforms.linux-x64"]
checksum = "sha256:39e99a7927468a6abec5f65d00f55010e8ff2ae3c2605294f179c94f6ae21af2"
url = "https://github.com/jellyfin/jellyfin-ffmpeg/releases/download/v7.1.3-6/jellyfin-ffmpeg_7.1.3-6_portable_linux64-gpl.tar.xz"
url_api = "https://api.github.com/repos/jellyfin/jellyfin-ffmpeg/releases/assets/409048879"

[tools."github:jellyfin/jellyfin-ffmpeg"."platforms.linux-x64-musl"]
checksum = "sha256:39e99a7927468a6abec5f65d00f55010e8ff2ae3c2605294f179c94f6ae21af2"
url = "https://github.com/jellyfin/jellyfin-ffmpeg/releases/download/v7.1.3-6/jellyfin-ffmpeg_7.1.3-6_portable_linux64-gpl.tar.xz"
url_api = "https://api.github.com/repos/jellyfin/jellyfin-ffmpeg/releases/assets/409048879"

[[tools."github:jellyfin/jellyfin-ffmpeg"]]
version = "7.1.3-6"
backend = "github:jellyfin/jellyfin-ffmpeg"

[tools."github:jellyfin/jellyfin-ffmpeg".options]
asset_pattern = "jellyfin-ffmpeg_*_portable_mac64-gpl.tar.xz"

[tools."github:jellyfin/jellyfin-ffmpeg"."platforms.macos-x64"]
checksum = "sha256:066ede9774aaae97a18098aaeea8b7e0d286653eb8618f640476e99c59a536c2"
url = "https://github.com/jellyfin/jellyfin-ffmpeg/releases/download/v7.1.3-6/jellyfin-ffmpeg_7.1.3-6_portable_mac64-gpl.tar.xz"
url_api = "https://api.github.com/repos/jellyfin/jellyfin-ffmpeg/releases/assets/408995889"

[[tools."github:jellyfin/jellyfin-ffmpeg"]]
version = "7.1.3-6"
backend = "github:jellyfin/jellyfin-ffmpeg"

[tools."github:jellyfin/jellyfin-ffmpeg"."platforms.windows-x64"]
checksum = "sha256:7b7168149689610296f3a187c717056ce0786cc125a31caf28056737e9ba1cc1"
url = "https://github.com/jellyfin/jellyfin-ffmpeg/releases/download/v7.1.3-6/jellyfin-ffmpeg_7.1.3-6_portable_win64-clang-gpl.zip"
url_api = "https://api.github.com/repos/jellyfin/jellyfin-ffmpeg/releases/assets/409036094"

[[tools."github:webassembly/binaryen"]]
version = "version_124"
backend = "github:webassembly/binaryen"

[tools."github:webassembly/binaryen"."platforms.linux-arm64"]
checksum = "sha256:6291bd9a57d8e046f3bc099a4db386c147433a87f71c783a901c5b1792e38de3"
url = "https://github.com/WebAssembly/binaryen/releases/download/version_124/binaryen-version_124-aarch64-linux.tar.gz"
url_api = "https://api.github.com/repos/WebAssembly/binaryen/releases/assets/288927659"

[tools."github:webassembly/binaryen"."platforms.linux-arm64-musl"]
checksum = "sha256:6291bd9a57d8e046f3bc099a4db386c147433a87f71c783a901c5b1792e38de3"
url = "https://github.com/WebAssembly/binaryen/releases/download/version_124/binaryen-version_124-aarch64-linux.tar.gz"
url_api = "https://api.github.com/repos/WebAssembly/binaryen/releases/assets/288927659"

[tools."github:webassembly/binaryen"."platforms.linux-x64"]
checksum = "sha256:0290c3779fedf592b8da0ded3032ff55c41a2b7bfa2d6bf7b7bac6f0e6e28963"
url = "https://github.com/WebAssembly/binaryen/releases/download/version_124/binaryen-version_124-x86_64-linux.tar.gz"
url_api = "https://api.github.com/repos/WebAssembly/binaryen/releases/assets/288926769"

[tools."github:webassembly/binaryen"."platforms.linux-x64-musl"]
checksum = "sha256:0290c3779fedf592b8da0ded3032ff55c41a2b7bfa2d6bf7b7bac6f0e6e28963"
url = "https://github.com/WebAssembly/binaryen/releases/download/version_124/binaryen-version_124-x86_64-linux.tar.gz"
url_api = "https://api.github.com/repos/WebAssembly/binaryen/releases/assets/288926769"

[tools."github:webassembly/binaryen"."platforms.macos-arm64"]
checksum = "sha256:86a2c960ff62c6d2ea6009d1f89745c22c70100d394a095eab45eb941bdaa24c"
url = "https://github.com/WebAssembly/binaryen/releases/download/version_124/binaryen-version_124-arm64-macos.tar.gz"
url_api = "https://api.github.com/repos/WebAssembly/binaryen/releases/assets/288926134"

[tools."github:webassembly/binaryen"."platforms.macos-x64"]
checksum = "sha256:b389bb0731758d86c3cb266d01d28a12725c23bd3cabc3df34faa162af0887e9"
url = "https://github.com/WebAssembly/binaryen/releases/download/version_124/binaryen-version_124-x86_64-macos.tar.gz"
url_api = "https://api.github.com/repos/WebAssembly/binaryen/releases/assets/288926135"

[tools."github:webassembly/binaryen"."platforms.windows-x64"]
checksum = "sha256:b5e1d2a1ad3c03229ddc89823848f4a1c11f9c6402a51fa26f0aaa5f1d7a2203"
url = "https://github.com/WebAssembly/binaryen/releases/download/version_124/binaryen-version_124-x86_64-windows.tar.gz"
url_api = "https://api.github.com/repos/WebAssembly/binaryen/releases/assets/288925833"

[[tools.java]]
version = "21.0.2"
backend = "core:java"

[tools.java.options]
shorthand_vendor = "openjdk"

[tools.java."platforms.linux-arm64"]
checksum = "sha256:08db1392a48d4eb5ea5315cf8f18b89dbaf36cda663ba882cf03c704c9257ec2"
url = "https://download.java.net/java/GA/jdk21.0.2/f2283984656d49d69e91c558476027ac/13/GPL/openjdk-21.0.2_linux-aarch64_bin.tar.gz"

[tools.java."platforms.linux-x64"]
checksum = "sha256:a2def047a73941e01a73739f92755f86b895811afb1f91243db214cff5bdac3f"
url = "https://download.java.net/java/GA/jdk21.0.2/f2283984656d49d69e91c558476027ac/13/GPL/openjdk-21.0.2_linux-x64_bin.tar.gz"

[tools.java."platforms.macos-arm64"]
checksum = "sha256:b3d588e16ec1e0ef9805d8a696591bd518a5cea62567da8f53b5ce32d11d22e4"
url = "https://download.java.net/java/GA/jdk21.0.2/f2283984656d49d69e91c558476027ac/13/GPL/openjdk-21.0.2_macos-aarch64_bin.tar.gz"

[tools.java."platforms.macos-x64"]
checksum = "sha256:8fd09e15dc406387a0aba70bf5d99692874e999bf9cd9208b452b5d76ac922d3"
url = "https://download.java.net/java/GA/jdk21.0.2/f2283984656d49d69e91c558476027ac/13/GPL/openjdk-21.0.2_macos-x64_bin.tar.gz"

[tools.java."platforms.windows-x64"]
checksum = "sha256:b6c17e747ae78cdd6de4d7532b3164b277daee97c007d3eaa2b39cca99882664"
url = "https://download.java.net/java/GA/jdk21.0.2/f2283984656d49d69e91c558476027ac/13/GPL/openjdk-21.0.2_windows-x64_bin.zip"

[[tools.node]]
version = "24.15.0"
backend = "core:node"

[tools.node."platforms.linux-arm64"]
checksum = "sha256:73afc234d558c24919875f51c2d1ea002a2ada4ea6f83601a383869fefa64eed"
url = "https://nodejs.org/dist/v24.15.0/node-v24.15.0-linux-arm64.tar.gz"

[tools.node."platforms.linux-arm64-musl"]
checksum = "sha256:31e98aa960a067da91edffd5d93bc46657b5d2a8029612c359f5f2ac0060152a"
url = "https://unofficial-builds.nodejs.org/download/release/v24.15.0/node-v24.15.0-linux-arm64-musl.tar.gz"

[tools.node."platforms.linux-x64"]
checksum = "sha256:44836872d9aec49f1e6b52a9a922872db9a2b02d235a616a5681b6a85fec8d89"
url = "https://nodejs.org/dist/v24.15.0/node-v24.15.0-linux-x64.tar.gz"

[tools.node."platforms.linux-x64-musl"]
checksum = "sha256:f55af5bd489c5347b113ca6594cae00a54b30ba57ac5875324311bfc6f4762e3"
url = "https://unofficial-builds.nodejs.org/download/release/v24.15.0/node-v24.15.0-linux-x64-musl.tar.gz"

[tools.node."platforms.macos-arm64"]
checksum = "sha256:372331b969779ab5d15b949884fc6eaf88d5afe87bde8ba881d6400b9100ffc4"
url = "https://nodejs.org/dist/v24.15.0/node-v24.15.0-darwin-arm64.tar.gz"

[tools.node."platforms.macos-x64"]
checksum = "sha256:ffd5ee293467927f3ee731a553eb88fd1f48cf74eebc2d74a6babe4af228673b"
url = "https://nodejs.org/dist/v24.15.0/node-v24.15.0-darwin-x64.tar.gz"

[tools.node."platforms.windows-x64"]
checksum = "sha256:cc5149eabd53779ce1e7bdc5401643622d0c7e6800ade18928a767e940bb0e62"
url = "https://nodejs.org/dist/v24.15.0/node-v24.15.0-win-x64.zip"

[[tools."npm:oazapfts"]]
version = "7.5.0"
backend = "npm:oazapfts"

[[tools.opentofu]]
version = "1.12.4"
backend = "aqua:opentofu/opentofu"

[tools.opentofu."platforms.linux-arm64"]
checksum = "sha256:dc7bfcd93ce9795a86c58fbf71efd013c39dcd1febb13c9cd3555c43b9c2403a"
url = "https://github.com/opentofu/opentofu/releases/download/v1.12.4/tofu_1.12.4_linux_arm64.tar.gz"
url_api = "https://api.github.com/repos/opentofu/opentofu/releases/assets/475646678"

[tools.opentofu."platforms.linux-arm64-musl"]
checksum = "sha256:dc7bfcd93ce9795a86c58fbf71efd013c39dcd1febb13c9cd3555c43b9c2403a"
url = "https://github.com/opentofu/opentofu/releases/download/v1.12.4/tofu_1.12.4_linux_arm64.tar.gz"
url_api = "https://api.github.com/repos/opentofu/opentofu/releases/assets/475646678"

[tools.opentofu."platforms.linux-x64"]
checksum = "sha256:81836d0f12b4fe9013b85586349f993def9429b6383bb77cdd6c2f3a9d9aac24"
url = "https://github.com/opentofu/opentofu/releases/download/v1.12.4/tofu_1.12.4_linux_amd64.tar.gz"
url_api = "https://api.github.com/repos/opentofu/opentofu/releases/assets/475646677"

[tools.opentofu."platforms.linux-x64-musl"]
checksum = "sha256:81836d0f12b4fe9013b85586349f993def9429b6383bb77cdd6c2f3a9d9aac24"
url = "https://github.com/opentofu/opentofu/releases/download/v1.12.4/tofu_1.12.4_linux_amd64.tar.gz"
url_api = "https://api.github.com/repos/opentofu/opentofu/releases/assets/475646677"

[tools.opentofu."platforms.macos-arm64"]
checksum = "sha256:7c06e4390d9ccd467773e37ff1c3d833c7ca0c24742cd9e9ad47284bea472247"
url = "https://github.com/opentofu/opentofu/releases/download/v1.12.4/tofu_1.12.4_darwin_arm64.tar.gz"
url_api = "https://api.github.com/repos/opentofu/opentofu/releases/assets/475646544"

[tools.opentofu."platforms.macos-x64"]
checksum = "sha256:ead1d2ce643addb4ffeb93240b9377ae1c2fd793a6bd22d65922ac37adfdf546"
url = "https://github.com/opentofu/opentofu/releases/download/v1.12.4/tofu_1.12.4_darwin_amd64.tar.gz"
url_api = "https://api.github.com/repos/opentofu/opentofu/releases/assets/475646688"

[tools.opentofu."platforms.windows-x64"]
checksum = "sha256:a4d86a07755c8d151f20f945e6cfb5b40deeed942af36a9bd385c5c2e965d5dd"
url = "https://github.com/opentofu/opentofu/releases/download/v1.12.4/tofu_1.12.4_windows_amd64.tar.gz"
url_api = "https://api.github.com/repos/opentofu/opentofu/releases/assets/475646543"

[[tools.pnpm]]
version = "11.13.1"
backend = "aqua:pnpm/pnpm"

[tools.pnpm."platforms.linux-arm64"]
checksum = "sha256:b52db99d215ed7dc9563aed815953c62a6c1ffd7cd75803d3a07ad7e4f246aed"
url = "https://github.com/pnpm/pnpm/releases/download/v11.13.1/pnpm-linux-arm64.tar.gz"
url_api = "https://api.github.com/repos/pnpm/pnpm/releases/assets/478563983"
provenance = "github-attestations"

[tools.pnpm."platforms.linux-arm64-musl"]
checksum = "sha256:2cadd4fc815c591f498a0a84c9e74a836e3e8c1236275f6e1cfd355bae6ae957"
url = "https://github.com/pnpm/pnpm/releases/download/v11.13.1/pnpm-linux-arm64-musl.tar.gz"
url_api = "https://api.github.com/repos/pnpm/pnpm/releases/assets/478563985"
provenance = "github-attestations"

[tools.pnpm."platforms.linux-x64"]
checksum = "sha256:bd6d4b0e14536207ad76bc838f5980cecd968da15f69aae0b207380cca3f2e98"
url = "https://github.com/pnpm/pnpm/releases/download/v11.13.1/pnpm-linux-x64.tar.gz"
url_api = "https://api.github.com/repos/pnpm/pnpm/releases/assets/478563986"
provenance = "github-attestations"

[tools.pnpm."platforms.linux-x64-musl"]
checksum = "sha256:ba19690f4ed1b64f1203ade14e9216352b46232d5582468b26a0160e0c9618c5"
url = "https://github.com/pnpm/pnpm/releases/download/v11.13.1/pnpm-linux-x64-musl.tar.gz"
url_api = "https://api.github.com/repos/pnpm/pnpm/releases/assets/478563980"
provenance = "github-attestations"

[tools.pnpm."platforms.macos-arm64"]
checksum = "sha256:765c2bf04e8129cb58c0f946e324262e418370b35a203b50b1f06a0567ef8bc1"
url = "https://github.com/pnpm/pnpm/releases/download/v11.13.1/pnpm-darwin-arm64.tar.gz"
url_api = "https://api.github.com/repos/pnpm/pnpm/releases/assets/478563984"
provenance = "github-attestations"

[tools.pnpm."platforms.windows-x64"]
checksum = "sha256:d8bebbc71df2702961c1d34a5e61196bc0aa3bbde33c33253f6afa3dd4546a6d"
url = "https://github.com/pnpm/pnpm/releases/download/v11.13.1/pnpm-win32-x64.zip"
url_api = "https://api.github.com/repos/pnpm/pnpm/releases/assets/478563981"
provenance = "github-attestations"

[[tools.terragrunt]]
version = "1.1.1"
backend = "aqua:gruntwork-io/terragrunt"

[tools.terragrunt."platforms.linux-arm64"]
checksum = "sha256:a374a7993ff3d99665a7e014007d3647ec7f0465c9d55c85e9f94c932e73cea2"
url = "https://github.com/gruntwork-io/terragrunt/releases/download/v1.1.1/terragrunt_linux_arm64.tar.gz"
url_api = "https://api.github.com/repos/gruntwork-io/terragrunt/releases/assets/476786148"

[tools.terragrunt."platforms.linux-arm64-musl"]
checksum = "sha256:a374a7993ff3d99665a7e014007d3647ec7f0465c9d55c85e9f94c932e73cea2"
url = "https://github.com/gruntwork-io/terragrunt/releases/download/v1.1.1/terragrunt_linux_arm64.tar.gz"
url_api = "https://api.github.com/repos/gruntwork-io/terragrunt/releases/assets/476786148"

[tools.terragrunt."platforms.linux-x64"]
checksum = "sha256:ce90077ac31ef17a2ba10d11d45f36c6501997a8f4f79d703bb7daba37032f53"
url = "https://github.com/gruntwork-io/terragrunt/releases/download/v1.1.1/terragrunt_linux_amd64.tar.gz"
url_api = "https://api.github.com/repos/gruntwork-io/terragrunt/releases/assets/476785968"

[tools.terragrunt."platforms.linux-x64-musl"]
checksum = "sha256:ce90077ac31ef17a2ba10d11d45f36c6501997a8f4f79d703bb7daba37032f53"
url = "https://github.com/gruntwork-io/terragrunt/releases/download/v1.1.1/terragrunt_linux_amd64.tar.gz"
url_api = "https://api.github.com/repos/gruntwork-io/terragrunt/releases/assets/476785968"

[tools.terragrunt."platforms.macos-arm64"]
checksum = "sha256:9ec8f678b9ae6c81d5d9d77b94cbf6349ce639d5938694b4adc9dea73e416794"
url = "https://github.com/gruntwork-io/terragrunt/releases/download/v1.1.1/terragrunt_darwin_arm64.tar.gz"
url_api = "https://api.github.com/repos/gruntwork-io/terragrunt/releases/assets/476785628"

[tools.terragrunt."platforms.macos-x64"]
checksum = "sha256:73e768a69fa44a60f9d9174f54aaf179327e08706f633c9c79d5f5c9622c91c2"
url = "https://github.com/gruntwork-io/terragrunt/releases/download/v1.1.1/terragrunt_darwin_amd64.tar.gz"
url_api = "https://api.github.com/repos/gruntwork-io/terragrunt/releases/assets/476785520"

[tools.terragrunt."platforms.windows-x64"]
checksum = "sha256:dd50a324691e072a3ac879e9ec43d6310e2936c929fda658eb2811fefcc75115"
url = "https://github.com/gruntwork-io/terragrunt/releases/download/v1.1.1/terragrunt_windows_amd64.exe.tar.gz"
url_api = "https://api.github.com/repos/gruntwork-io/terragrunt/releases/assets/476786421"
