PODS:
  - Flutter (1.0.0)
  - path_provider_foundation (0.0.1):
    - Flutter
    - FlutterMacOS
  - photo_manager (2.0.0):
    - Flutter
    - FlutterMacOS
  - "sqlite3 (3.45.3+1)":
    - "sqlite3/common (= 3.45.3+1)"
  - "sqlite3/common (3.45.3+1)"
  - "sqlite3/fts5 (3.45.3+1)":
    - sqlite3/common
  - "sqlite3/perf-threadsafe (3.45.3+1)":
    - sqlite3/common
  - "sqlite3/rtree (3.45.3+1)":
    - sqlite3/common
  - sqlite3_flutter_libs (0.0.1):
    - Flutter
    - sqlite3 (~> 3.45.1)
    - sqlite3/fts5
    - sqlite3/perf-threadsafe
    - sqlite3/rtree

DEPENDENCIES:
  - Flutter (from `Flutter`)
  - path_provider_foundation (from `.symlinks/plugins/path_provider_foundation/darwin`)
  - photo_manager (from `.symlinks/plugins/photo_manager/ios`)
  - sqlite3_flutter_libs (from `.symlinks/plugins/sqlite3_flutter_libs/ios`)

SPEC REPOS:
  trunk:
    - sqlite3

EXTERNAL SOURCES:
  Flutter:
    :path: Flutter
  path_provider_foundation:
    :path: ".symlinks/plugins/path_provider_foundation/darwin"
  photo_manager:
    :path: ".symlinks/plugins/photo_manager/ios"
  sqlite3_flutter_libs:
    :path: ".symlinks/plugins/sqlite3_flutter_libs/ios"

SPEC CHECKSUMS:
  Flutter: e0871f40cf51350855a761d2e70bf5af5b9b5de7
  path_provider_foundation: 3784922295ac71e43754bd15e0653ccfd36a147c
  photo_manager: 4f6810b7dfc4feb03b461ac1a70dacf91fba7604
  sqlite3: 02d1f07eaaa01f80a1c16b4b31dfcbb3345ee01a
  sqlite3_flutter_libs: af0e8fe9bce48abddd1ffdbbf839db0302d72d80

PODFILE CHECKSUM: 64c9b5291666c0ca3caabdfe9865c141ac40321d

COCOAPODS: 1.15.2
