# @generated - this file is auto-generated by `mise lock` https://mise.en.dev/dev-tools/mise-lock.html

[[tools."aqua:flutter/flutter"]]
version = "3.44.6"
backend = "aqua:flutter/flutter"

[tools."aqua:flutter/flutter"."platforms.linux-arm64"]
url = "https://storage.googleapis.com/flutter_infra_release/releases/stable/linux/flutter_linux_3.44.6-stable.tar.xz"

[tools."aqua:flutter/flutter"."platforms.linux-arm64-musl"]
url = "https://storage.googleapis.com/flutter_infra_release/releases/stable/linux/flutter_linux_3.44.6-stable.tar.xz"

[tools."aqua:flutter/flutter"."platforms.linux-x64"]
url = "https://storage.googleapis.com/flutter_infra_release/releases/stable/linux/flutter_linux_3.44.6-stable.tar.xz"

[tools."aqua:flutter/flutter"."platforms.linux-x64-musl"]
url = "https://storage.googleapis.com/flutter_infra_release/releases/stable/linux/flutter_linux_3.44.6-stable.tar.xz"

[tools."aqua:flutter/flutter"."platforms.macos-arm64"]
url = "https://storage.googleapis.com/flutter_infra_release/releases/stable/macos/flutter_macos_arm64_3.44.6-stable.zip"

[tools."aqua:flutter/flutter"."platforms.macos-x64"]
url = "https://storage.googleapis.com/flutter_infra_release/releases/stable/macos/flutter_macos_3.44.6-stable.zip"

[tools."aqua:flutter/flutter"."platforms.windows-x64"]
url = "https://storage.googleapis.com/flutter_infra_release/releases/stable/windows/flutter_windows_3.44.6-stable.zip"

[[tools.rust]]
version = "1.92.0"
backend = "core:rust"

[tools.rust.options]
components = "clippy,rustfmt"
