{
  "name": "@immich/sdk",
  "version": "1.112.0",
  "lockfileVersion": 3,
  "requires": true,
  "packages": {
    "": {
      "name": "@immich/sdk",
      "version": "1.112.0",
      "license": "GNU Affero General Public License version 3",
      "dependencies": {
        "@oazapfts/runtime": "^1.0.2"
      },
      "devDependencies": {
        "@types/node": "^20.14.14",
        "typescript": "^5.3.3"
      }
    },
    "node_modules/@oazapfts/runtime": {
      "version": "1.0.3",
      "resolved": "https://registry.npmjs.org/@oazapfts/runtime/-/runtime-1.0.3.tgz",
      "integrity": "sha512-8tKiYffhwTGHSHYGnZ3oneLGCjX0po/XAXQ5Ng9fqKkvIdl/xz8+Vh8i+6xjzZqvZ2pLVpUcuSfnvNI/x67L0g=="
    },
    "node_modules/@types/node": {
      "version": "20.14.15",
      "resolved": "https://registry.npmjs.org/@types/node/-/node-20.14.15.tgz",
      "integrity": "sha512-Fz1xDMCF/B00/tYSVMlmK7hVeLh7jE5f3B7X1/hmV0MJBwE27KlS7EvD/Yp+z1lm8mVhwV5w+n8jOZG8AfTlKw==",
      "dev": true,
      "license": "MIT",
      "dependencies": {
        "undici-types": "~5.26.4"
      }
    },
    "node_modules/typescript": {
      "version": "5.5.4",
      "resolved": "https://registry.npmjs.org/typescript/-/typescript-5.5.4.tgz",
      "integrity": "sha512-Mtq29sKDAEYP7aljRgtPOpTvOfbwRWlS6dPRzwjdE+C0R4brX/GUyhHSecbHMFLNBLcJIPt9nl9yG5TZ1weH+Q==",
      "dev": true,
      "license": "Apache-2.0",
      "bin": {
        "tsc": "bin/tsc",
        "tsserver": "bin/tsserver"
      },
      "engines": {
        "node": ">=14.17"
      }
    },
    "node_modules/undici-types": {
      "version": "5.26.5",
      "resolved": "https://registry.npmjs.org/undici-types/-/undici-types-5.26.5.tgz",
      "integrity": "sha512-JlCMO+ehdEIKqlFxk6IfVoAUVmgz7cU7zD/h9XZ0qzeosSHmUJVOzSQvvYSYWXkFXC+IfLKSIffhv0sVZup6pA==",
      "dev": true
    }
  }
}
