{
  "name": "@immich/sdk",
  "version": "1.128.0",
  "lockfileVersion": 3,
  "requires": true,
  "packages": {
    "": {
      "name": "@immich/sdk",
      "version": "1.128.0",
      "license": "GNU Affero General Public License version 3",
      "dependencies": {
        "@oazapfts/runtime": "^1.0.2"
      },
      "devDependencies": {
        "@types/node": "^22.13.5",
        "typescript": "^5.3.3"
      }
    },
    "node_modules/@oazapfts/runtime": {
      "version": "1.0.4",
      "resolved": "https://registry.npmjs.org/@oazapfts/runtime/-/runtime-1.0.4.tgz",
      "integrity": "sha512-7t6C2shug/6tZhQgkCa532oTYBLEnbASV/i1SG1rH2GB4h3aQQujYciYSPT92hvN4IwTe8S2hPkN/6iiOyTlCg==",
      "license": "MIT"
    },
    "node_modules/@types/node": {
      "version": "22.13.8",
      "resolved": "https://registry.npmjs.org/@types/node/-/node-22.13.8.tgz",
      "integrity": "sha512-G3EfaZS+iOGYWLLRCEAXdWK9my08oHNZ+FHluRiggIYJPOXzhOiDgpVCUHaUvyIC5/fj7C/p637jdzC666AOKQ==",
      "dev": true,
      "license": "MIT",
      "dependencies": {
        "undici-types": "~6.20.0"
      }
    },
    "node_modules/typescript": {
      "version": "5.7.3",
      "resolved": "https://registry.npmjs.org/typescript/-/typescript-5.7.3.tgz",
      "integrity": "sha512-84MVSjMEHP+FQRPy3pX9sTVV/INIex71s9TL2Gm5FG/WG1SqXeKyZ0k7/blY/4FdOzI12CBy1vGc4og/eus0fw==",
      "dev": true,
      "license": "Apache-2.0",
      "bin": {
        "tsc": "bin/tsc",
        "tsserver": "bin/tsserver"
      },
      "engines": {
        "node": ">=14.17"
      }
    },
    "node_modules/undici-types": {
      "version": "6.20.0",
      "resolved": "https://registry.npmjs.org/undici-types/-/undici-types-6.20.0.tgz",
      "integrity": "sha512-Ny6QZ2Nju20vw1SRHe3d9jVu6gJ+4e3+MMpqu7pqE5HT6WsTSlce++GQmK5UXS8mzV8DSYHrQH+Xrf2jVcuKNg==",
      "dev": true,
      "license": "MIT"
    }
  }
}
