{
  "name": "@immich/sdk",
  "version": "1.97.0",
  "lockfileVersion": 3,
  "requires": true,
  "packages": {
    "": {
      "name": "@immich/sdk",
      "version": "1.97.0",
      "license": "GNU Affero General Public License version 3",
      "devDependencies": {
        "@oazapfts/runtime": "^1.0.0",
        "@types/node": "^20.11.0",
        "typescript": "^5.3.3"
      }
    },
    "node_modules/@oazapfts/runtime": {
      "version": "1.0.1",
      "resolved": "https://registry.npmjs.org/@oazapfts/runtime/-/runtime-1.0.1.tgz",
      "integrity": "sha512-CMl7f1gXYpjIyEtDhg4YfXwr2MXfbadbvqwKbMsaHkVtSglmuz5A8jSyefTqaJlmh0MOA2ZNS9jnbfIdtcoDiw==",
      "dev": true
    },
    "node_modules/@types/node": {
      "version": "20.11.20",
      "resolved": "https://registry.npmjs.org/@types/node/-/node-20.11.20.tgz",
      "integrity": "sha512-7/rR21OS+fq8IyHTgtLkDK949uzsa6n8BkziAKtPVpugIkO6D+/ooXMvzXxDnZrmtXVfjb1bKQafYpb8s89LOg==",
      "dev": true,
      "dependencies": {
        "undici-types": "~5.26.4"
      }
    },
    "node_modules/typescript": {
      "version": "5.3.3",
      "resolved": "https://registry.npmjs.org/typescript/-/typescript-5.3.3.tgz",
      "integrity": "sha512-pXWcraxM0uxAS+tN0AG/BF2TyqmHO014Z070UsJ+pFvYuRSq8KH8DmWpnbXe0pEPDHXZV3FcAbJkijJ5oNEnWw==",
      "dev": true,
      "bin": {
        "tsc": "bin/tsc",
        "tsserver": "bin/tsserver"
      },
      "engines": {
        "node": ">=14.17"
      }
    },
    "node_modules/undici-types": {
      "version": "5.26.5",
      "resolved": "https://registry.npmjs.org/undici-types/-/undici-types-5.26.5.tgz",
      "integrity": "sha512-JlCMO+ehdEIKqlFxk6IfVoAUVmgz7cU7zD/h9XZ0qzeosSHmUJVOzSQvvYSYWXkFXC+IfLKSIffhv0sVZup6pA==",
      "dev": true
    }
  }
}
