# Generated by pub
# See https://dart.dev/tools/pub/glossary#lockfile
packages:
  _fe_analyzer_shared:
    dependency: transitive
    description:
      name: _fe_analyzer_shared
      sha256: "16e298750b6d0af7ce8a3ba7c18c69c3785d11b15ec83f6dcd0ad2a0009b3cab"
      url: "https://pub.dev"
    source: hosted
    version: "76.0.0"
  _macros:
    dependency: transitive
    description: dart
    source: sdk
    version: "0.3.3"
  analyzer:
    dependency: transitive
    description:
      name: analyzer
      sha256: "1f14db053a8c23e260789e9b0980fa27f2680dd640932cae5e1137cce0e46e1e"
      url: "https://pub.dev"
    source: hosted
    version: "6.11.0"
  analyzer_plugin:
    dependency: transitive
    description:
      name: analyzer_plugin
      sha256: "9661b30b13a685efaee9f02e5d01ed9f2b423bd889d28a304d02d704aee69161"
      url: "https://pub.dev"
    source: hosted
    version: "0.11.3"
  args:
    dependency: transitive
    description:
      name: args
      sha256: "7cf60b9f0cc88203c5a190b4cd62a99feea42759a7fa695010eb5de1c0b2252a"
      url: "https://pub.dev"
    source: hosted
    version: "2.5.0"
  async:
    dependency: "direct main"
    description:
      name: async
      sha256: d2872f9c19731c2e5f10444b14686eb7cc85c76274bd6c16e1816bff9a3bab63
      url: "https://pub.dev"
    source: hosted
    version: "2.12.0"
  auto_route:
    dependency: "direct main"
    description:
      name: auto_route
      sha256: b83e8ce46da7228cdd019b5a11205454847f0a971bca59a7529b98df9876889b
      url: "https://pub.dev"
    source: hosted
    version: "9.2.2"
  auto_route_generator:
    dependency: "direct dev"
    description:
      name: auto_route_generator
      sha256: c9086eb07271e51b44071ad5cff34e889f3156710b964a308c2ab590769e79e6
      url: "https://pub.dev"
    source: hosted
    version: "9.0.0"
  benchmarking:
    dependency: "direct dev"
    description:
      name: benchmarking
      sha256: "6b7f6955e8b0b6ce0dd4c3bc5611430aac017a74923669ad3687b718e5085c6a"
      url: "https://pub.dev"
    source: hosted
    version: "0.6.1"
  bloc:
    dependency: transitive
    description:
      name: bloc
      sha256: "106842ad6569f0b60297619e9e0b1885c2fb9bf84812935490e6c5275777804e"
      url: "https://pub.dev"
    source: hosted
    version: "8.1.4"
  boolean_selector:
    dependency: transitive
    description:
      name: boolean_selector
      sha256: "8aab1771e1243a5063b8b0ff68042d67334e3feab9e95b9490f9a6ebf73b42ea"
      url: "https://pub.dev"
    source: hosted
    version: "2.1.2"
  build:
    dependency: transitive
    description:
      name: build
      sha256: "80184af8b6cb3e5c1c4ec6d8544d27711700bc3e6d2efad04238c7b5290889f0"
      url: "https://pub.dev"
    source: hosted
    version: "2.4.1"
  build_config:
    dependency: transitive
    description:
      name: build_config
      sha256: bf80fcfb46a29945b423bd9aad884590fb1dc69b330a4d4700cac476af1708d1
      url: "https://pub.dev"
    source: hosted
    version: "1.1.1"
  build_daemon:
    dependency: transitive
    description:
      name: build_daemon
      sha256: "79b2aef6ac2ed00046867ed354c88778c9c0f029df8a20fe10b5436826721ef9"
      url: "https://pub.dev"
    source: hosted
    version: "4.0.2"
  build_resolvers:
    dependency: transitive
    description:
      name: build_resolvers
      sha256: "339086358431fa15d7eca8b6a36e5d783728cf025e559b834f4609a1fcfb7b0a"
      url: "https://pub.dev"
    source: hosted
    version: "2.4.2"
  build_runner:
    dependency: "direct dev"
    description:
      name: build_runner
      sha256: "028819cfb90051c6b5440c7e574d1896f8037e3c96cf17aaeb054c9311cfbf4d"
      url: "https://pub.dev"
    source: hosted
    version: "2.4.13"
  build_runner_core:
    dependency: transitive
    description:
      name: build_runner_core
      sha256: f8126682b87a7282a339b871298cc12009cb67109cfa1614d6436fb0289193e0
      url: "https://pub.dev"
    source: hosted
    version: "7.3.2"
  built_collection:
    dependency: transitive
    description:
      name: built_collection
      sha256: "376e3dd27b51ea877c28d525560790aee2e6fbb5f20e2f85d5081027d94e2100"
      url: "https://pub.dev"
    source: hosted
    version: "5.1.1"
  built_value:
    dependency: transitive
    description:
      name: built_value
      sha256: c7913a9737ee4007efedaffc968c049fd0f3d0e49109e778edc10de9426005cb
      url: "https://pub.dev"
    source: hosted
    version: "8.9.2"
  cached_network_image:
    dependency: "direct main"
    description:
      name: cached_network_image
      sha256: "7c1183e361e5c8b0a0f21a28401eecdbde252441106a9816400dd4c2b2424916"
      url: "https://pub.dev"
    source: hosted
    version: "3.4.1"
  cached_network_image_platform_interface:
    dependency: transitive
    description:
      name: cached_network_image_platform_interface
      sha256: "35814b016e37fbdc91f7ae18c8caf49ba5c88501813f73ce8a07027a395e2829"
      url: "https://pub.dev"
    source: hosted
    version: "4.1.1"
  cached_network_image_web:
    dependency: transitive
    description:
      name: cached_network_image_web
      sha256: "980842f4e8e2535b8dbd3d5ca0b1f0ba66bf61d14cc3a17a9b4788a3685ba062"
      url: "https://pub.dev"
    source: hosted
    version: "1.3.1"
  characters:
    dependency: transitive
    description:
      name: characters
      sha256: f71061c654a3380576a52b451dd5532377954cf9dbd272a78fc8479606670803
      url: "https://pub.dev"
    source: hosted
    version: "1.4.0"
  charcode:
    dependency: transitive
    description:
      name: charcode
      sha256: fb98c0f6d12c920a02ee2d998da788bca066ca5f148492b7085ee23372b12306
      url: "https://pub.dev"
    source: hosted
    version: "1.3.1"
  checked_yaml:
    dependency: transitive
    description:
      name: checked_yaml
      sha256: feb6bed21949061731a7a75fc5d2aa727cf160b91af9a3e464c5e3a32e28b5ff
      url: "https://pub.dev"
    source: hosted
    version: "2.0.3"
  ci:
    dependency: transitive
    description:
      name: ci
      sha256: "145d095ce05cddac4d797a158bc4cf3b6016d1fe63d8c3d2fbd7212590adca13"
      url: "https://pub.dev"
    source: hosted
    version: "0.1.0"
  cli_util:
    dependency: transitive
    description:
      name: cli_util
      sha256: c05b7406fdabc7a49a3929d4af76bcaccbbffcbcdcf185b082e1ae07da323d19
      url: "https://pub.dev"
    source: hosted
    version: "0.4.1"
  clock:
    dependency: transitive
    description:
      name: clock
      sha256: fddb70d9b5277016c77a80201021d40a2247104d9f4aa7bab7157b7e3f05b84b
      url: "https://pub.dev"
    source: hosted
    version: "1.1.2"
  code_builder:
    dependency: transitive
    description:
      name: code_builder
      sha256: f692079e25e7869c14132d39f223f8eec9830eb76131925143b2129c4bb01b37
      url: "https://pub.dev"
    source: hosted
    version: "4.10.0"
  collection:
    dependency: "direct main"
    description:
      name: collection
      sha256: "2f5709ae4d3d59dd8f7cd309b4e023046b57d8a6c82130785d2b0e5868084e76"
      url: "https://pub.dev"
    source: hosted
    version: "1.19.1"
  color:
    dependency: transitive
    description:
      name: color
      sha256: ddcdf1b3badd7008233f5acffaf20ca9f5dc2cd0172b75f68f24526a5f5725cb
      url: "https://pub.dev"
    source: hosted
    version: "3.0.0"
  convert:
    dependency: transitive
    description:
      name: convert
      sha256: "0f08b14755d163f6e2134cb58222dd25ea2a2ee8a195e53983d57c075324d592"
      url: "https://pub.dev"
    source: hosted
    version: "3.1.1"
  crypto:
    dependency: transitive
    description:
      name: crypto
      sha256: ec30d999af904f33454ba22ed9a86162b35e52b44ac4807d1d93c288041d7d27
      url: "https://pub.dev"
    source: hosted
    version: "3.0.5"
  csv:
    dependency: transitive
    description:
      name: csv
      sha256: c6aa2679b2a18cb57652920f674488d89712efaf4d3fdf2e537215b35fc19d6c
      url: "https://pub.dev"
    source: hosted
    version: "6.0.0"
  custom_lint:
    dependency: "direct dev"
    description:
      name: custom_lint
      sha256: "832fcdc676171205201c9cffafd6b5add19393962f6598af8472b48b413026e6"
      url: "https://pub.dev"
    source: hosted
    version: "0.6.8"
  custom_lint_builder:
    dependency: transitive
    description:
      name: custom_lint_builder
      sha256: c3d82779026f91b8e00c9ac18934595cbc9b490094ea682052beeafdb2bd50ac
      url: "https://pub.dev"
    source: hosted
    version: "0.6.8"
  custom_lint_core:
    dependency: transitive
    description:
      name: custom_lint_core
      sha256: "4ddbbdaa774265de44c97054dcec058a83d9081d071785ece601e348c18c267d"
      url: "https://pub.dev"
    source: hosted
    version: "0.6.5"
  dart_style:
    dependency: transitive
    description:
      name: dart_style
      sha256: "7856d364b589d1f08986e140938578ed36ed948581fbc3bc9aef1805039ac5ab"
      url: "https://pub.dev"
    source: hosted
    version: "2.3.7"
  dartx:
    dependency: transitive
    description:
      name: dartx
      sha256: "8b25435617027257d43e6508b5fe061012880ddfdaa75a71d607c3de2a13d244"
      url: "https://pub.dev"
    source: hosted
    version: "1.2.0"
  desktop_webview_window:
    dependency: transitive
    description:
      name: desktop_webview_window
      sha256: "57cf20d81689d5cbb1adfd0017e96b669398a669d927906073b0e42fc64111c0"
      url: "https://pub.dev"
    source: hosted
    version: "0.2.3"
  device_info_plus:
    dependency: "direct main"
    description:
      name: device_info_plus
      sha256: c4af09051b4f0508f6c1dc0a5c085bf014d5c9a4a0678ce1799c2b4d716387a0
      url: "https://pub.dev"
    source: hosted
    version: "11.1.0"
  device_info_plus_platform_interface:
    dependency: transitive
    description:
      name: device_info_plus_platform_interface
      sha256: "282d3cf731045a2feb66abfe61bbc40870ae50a3ed10a4d3d217556c35c8c2ba"
      url: "https://pub.dev"
    source: hosted
    version: "7.0.1"
  drift:
    dependency: "direct main"
    description:
      name: drift
      sha256: df027d168a2985a2e9da900adeba2ab0136f0d84436592cf3cd5135f82c8579c
      url: "https://pub.dev"
    source: hosted
    version: "2.21.0"
  drift_dev:
    dependency: "direct dev"
    description:
      name: drift_dev
      sha256: "27bab15e7869b69259663590381180117873b9b273a1ea9ebb21bb73133d1233"
      url: "https://pub.dev"
    source: hosted
    version: "2.21.0"
  drift_flutter:
    dependency: "direct main"
    description:
      name: drift_flutter
      sha256: fec503e9d408f36bb345f9f6d24bc9d62b7b5f970db49760253d9e8d3acd48d5
      url: "https://pub.dev"
    source: hosted
    version: "0.2.1"
  dynamic_color:
    dependency: "direct main"
    description:
      name: dynamic_color
      sha256: eae98052fa6e2826bdac3dd2e921c6ce2903be15c6b7f8b6d8a5d49b5086298d
      url: "https://pub.dev"
    source: hosted
    version: "1.7.0"
  fake_async:
    dependency: transitive
    description:
      name: fake_async
      sha256: "6a95e56b2449df2273fd8c45a662d6947ce1ebb7aafe80e550a3f68297f3cacc"
      url: "https://pub.dev"
    source: hosted
    version: "1.3.2"
  faker:
    dependency: "direct dev"
    description:
      name: faker
      sha256: "544c34e9e1d322824156d5a8d451bc1bb778263b892aded24ec7ba77b0706624"
      url: "https://pub.dev"
    source: hosted
    version: "2.2.0"
  ffi:
    dependency: transitive
    description:
      name: ffi
      sha256: "16ed7b077ef01ad6170a3d0c57caa4a112a38d7a2ed5602e0aca9ca6f3d98da6"
      url: "https://pub.dev"
    source: hosted
    version: "2.1.3"
  file:
    dependency: transitive
    description:
      name: file
      sha256: "5fc22d7c25582e38ad9a8515372cd9a93834027aacf1801cf01164dac0ffa08c"
      url: "https://pub.dev"
    source: hosted
    version: "7.0.0"
  fixnum:
    dependency: transitive
    description:
      name: fixnum
      sha256: "25517a4deb0c03aa0f32fd12db525856438902d9c16536311e76cdc57b31d7d1"
      url: "https://pub.dev"
    source: hosted
    version: "1.1.0"
  flutter:
    dependency: "direct main"
    description: flutter
    source: sdk
    version: "0.0.0"
  flutter_adaptive_scaffold:
    dependency: "direct main"
    description:
      name: flutter_adaptive_scaffold
      sha256: "8c515a2cb8abb3a567f8e77f10b33f47bb6fcadfe31f62364e0aca36280cdf93"
      url: "https://pub.dev"
    source: hosted
    version: "0.3.1"
  flutter_bloc:
    dependency: "direct main"
    description:
      name: flutter_bloc
      sha256: b594505eac31a0518bdcb4b5b79573b8d9117b193cc80cc12e17d639b10aa27a
      url: "https://pub.dev"
    source: hosted
    version: "8.1.6"
  flutter_cache_manager:
    dependency: "direct main"
    description:
      name: flutter_cache_manager
      sha256: "400b6592f16a4409a7f2bb929a9a7e38c72cceb8ffb99ee57bbf2cb2cecf8386"
      url: "https://pub.dev"
    source: hosted
    version: "3.4.1"
  flutter_gen_core:
    dependency: transitive
    description:
      name: flutter_gen_core
      sha256: "46ecf0e317413dd065547887c43f93f55e9653e83eb98dc13dd07d40dd225325"
      url: "https://pub.dev"
    source: hosted
    version: "5.8.0"
  flutter_gen_runner:
    dependency: "direct dev"
    description:
      name: flutter_gen_runner
      sha256: "77f0a02fc30d9fcf2549fe874eb3fde091435724904bcbb1af60aa40cbfab1f4"
      url: "https://pub.dev"
    source: hosted
    version: "5.8.0"
  flutter_lints:
    dependency: "direct dev"
    description:
      name: flutter_lints
      sha256: "5398f14efa795ffb7a33e9b6a08798b26a180edac4ad7db3f231e40f82ce11e1"
      url: "https://pub.dev"
    source: hosted
    version: "5.0.0"
  flutter_list_view:
    dependency: "direct main"
    description:
      name: flutter_list_view
      sha256: d99dc310bb3ca9d688dae1585b38a3f56e7b06eeb085ae27a5e0f56cf52172c5
      url: "https://pub.dev"
    source: hosted
    version: "1.1.28"
  flutter_localizations:
    dependency: "direct main"
    description: flutter
    source: sdk
    version: "0.0.0"
  flutter_test:
    dependency: "direct dev"
    description: flutter
    source: sdk
    version: "0.0.0"
  flutter_web_auth_2:
    dependency: "direct main"
    description:
      name: flutter_web_auth_2
      sha256: "8f59c9fa71b5affb322cb7103b836cd0ced89c9c50c66f82b523b7d339018dc3"
      url: "https://pub.dev"
    source: hosted
    version: "4.0.1"
  flutter_web_auth_2_platform_interface:
    dependency: transitive
    description:
      name: flutter_web_auth_2_platform_interface
      sha256: "222264d4979e9372c90e441736a62d800481e4a9c860cc2c235d1d605a118a2b"
      url: "https://pub.dev"
    source: hosted
    version: "4.0.1"
  flutter_web_plugins:
    dependency: transitive
    description: flutter
    source: sdk
    version: "0.0.0"
  freezed_annotation:
    dependency: transitive
    description:
      name: freezed_annotation
      sha256: c2e2d632dd9b8a2b7751117abcfc2b4888ecfe181bd9fca7170d9ef02e595fe2
      url: "https://pub.dev"
    source: hosted
    version: "2.4.4"
  frontend_server_client:
    dependency: transitive
    description:
      name: frontend_server_client
      sha256: f64a0333a82f30b0cca061bc3d143813a486dc086b574bfb233b7c1372427694
      url: "https://pub.dev"
    source: hosted
    version: "4.0.0"
  get_it:
    dependency: "direct main"
    description:
      name: get_it
      sha256: ff97e5e7b2e82e63c82f5658c6ba2605ea831f0f7489b0d2fb255d817ec4eb5e
      url: "https://pub.dev"
    source: hosted
    version: "8.0.0"
  glob:
    dependency: transitive
    description:
      name: glob
      sha256: "0e7014b3b7d4dac1ca4d6114f82bf1782ee86745b9b42a92c9289c23d8a0ab63"
      url: "https://pub.dev"
    source: hosted
    version: "2.1.2"
  graphs:
    dependency: transitive
    description:
      name: graphs
      sha256: "741bbf84165310a68ff28fe9e727332eef1407342fca52759cb21ad8177bb8d0"
      url: "https://pub.dev"
    source: hosted
    version: "2.3.2"
  hashcodes:
    dependency: transitive
    description:
      name: hashcodes
      sha256: "80f9410a5b3c8e110c4b7604546034749259f5d6dcca63e0d3c17c9258f1a651"
      url: "https://pub.dev"
    source: hosted
    version: "2.0.0"
  hotreloader:
    dependency: transitive
    description:
      name: hotreloader
      sha256: ed56fdc1f3a8ac924e717257621d09e9ec20e308ab6352a73a50a1d7a4d9158e
      url: "https://pub.dev"
    source: hosted
    version: "4.2.0"
  http:
    dependency: "direct main"
    description:
      name: http
      sha256: b9c29a161230ee03d3ccf545097fccd9b87a5264228c5d348202e0f0c28f9010
      url: "https://pub.dev"
    source: hosted
    version: "1.2.2"
  http_multi_server:
    dependency: transitive
    description:
      name: http_multi_server
      sha256: "97486f20f9c2f7be8f514851703d0119c3596d14ea63227af6f7a481ef2b2f8b"
      url: "https://pub.dev"
    source: hosted
    version: "3.2.1"
  http_parser:
    dependency: transitive
    description:
      name: http_parser
      sha256: "2aa08ce0341cc9b354a498388e30986515406668dbcc4f7c950c3e715496693b"
      url: "https://pub.dev"
    source: hosted
    version: "4.0.2"
  image_size_getter:
    dependency: transitive
    description:
      name: image_size_getter
      sha256: f98c4246144e9b968899d2dfde69091e22a539bb64bc9b0bea51505fbb490e57
      url: "https://pub.dev"
    source: hosted
    version: "2.1.3"
  immich_mobile_lint:
    dependency: "direct dev"
    description:
      path: immich_lint
      relative: true
    source: path
    version: "0.0.0"
  intl:
    dependency: "direct main"
    description:
      name: intl
      sha256: d6f56758b7d3014a48af9701c085700aac781a92a87a62b1333b46d8879661cf
      url: "https://pub.dev"
    source: hosted
    version: "0.19.0"
  io:
    dependency: transitive
    description:
      name: io
      sha256: "2ec25704aba361659e10e3e5f5d672068d332fc8ac516421d483a11e5cbd061e"
      url: "https://pub.dev"
    source: hosted
    version: "1.0.4"
  isar:
    dependency: "direct main"
    description:
      name: isar
      sha256: e17a9555bc7f22ff26568b8c64d019b4ffa2dc6bd4cb1c8d9b269aefd32e53ad
      url: "https://pub.isar-community.dev"
    source: hosted
    version: "3.1.8"
  isar_flutter_libs:
    dependency: "direct main"
    description:
      name: isar_flutter_libs
      sha256: "78710781e658ce4bff59b3f38c5b2735e899e627f4e926e1221934e77b95231a"
      url: "https://pub.isar-community.dev"
    source: hosted
    version: "3.1.8"
  isar_generator:
    dependency: "direct dev"
    description:
      name: isar_generator
      sha256: "484e73d3b7e81dbd816852fe0b9497333118a9aeb646fd2d349a62cc8980ffe1"
      url: "https://pub.isar-community.dev"
    source: hosted
    version: "3.1.8"
  js:
    dependency: transitive
    description:
      name: js
      sha256: c1b2e9b5ea78c45e1a0788d29606ba27dc5f71f019f32ca5140f61ef071838cf
      url: "https://pub.dev"
    source: hosted
    version: "0.7.1"
  json2yaml:
    dependency: transitive
    description:
      name: json2yaml
      sha256: da94630fbc56079426fdd167ae58373286f603371075b69bf46d848d63ba3e51
      url: "https://pub.dev"
    source: hosted
    version: "3.0.1"
  json_annotation:
    dependency: transitive
    description:
      name: json_annotation
      sha256: "1ce844379ca14835a50d2f019a3099f419082cfdd231cd86a142af94dd5c6bb1"
      url: "https://pub.dev"
    source: hosted
    version: "4.9.0"
  leak_tracker:
    dependency: transitive
    description:
      name: leak_tracker
      sha256: c35baad643ba394b40aac41080300150a4f08fd0fd6a10378f8f7c6bc161acec
      url: "https://pub.dev"
    source: hosted
    version: "10.0.8"
  leak_tracker_flutter_testing:
    dependency: transitive
    description:
      name: leak_tracker_flutter_testing
      sha256: f8b613e7e6a13ec79cfdc0e97638fddb3ab848452eff057653abd3edba760573
      url: "https://pub.dev"
    source: hosted
    version: "3.0.9"
  leak_tracker_testing:
    dependency: transitive
    description:
      name: leak_tracker_testing
      sha256: "6ba465d5d76e67ddf503e1161d1f4a6bc42306f9d66ca1e8f079a47290fb06d3"
      url: "https://pub.dev"
    source: hosted
    version: "3.0.1"
  lints:
    dependency: transitive
    description:
      name: lints
      sha256: "3315600f3fb3b135be672bf4a178c55f274bebe368325ae18462c89ac1e3b413"
      url: "https://pub.dev"
    source: hosted
    version: "5.0.0"
  logging:
    dependency: "direct main"
    description:
      name: logging
      sha256: c8245ada5f1717ed44271ed1c26b8ce85ca3228fd2ffdb75468ab01979309d61
      url: "https://pub.dev"
    source: hosted
    version: "1.3.0"
  macros:
    dependency: transitive
    description:
      name: macros
      sha256: "1d9e801cd66f7ea3663c45fc708450db1fa57f988142c64289142c9b7ee80656"
      url: "https://pub.dev"
    source: hosted
    version: "0.1.3-main.0"
  matcher:
    dependency: transitive
    description:
      name: matcher
      sha256: dc58c723c3c24bf8d3e2d3ad3f2f9d7bd9cf43ec6feaa64181775e60190153f2
      url: "https://pub.dev"
    source: hosted
    version: "0.12.17"
  material_color_utilities:
    dependency: transitive
    description:
      name: material_color_utilities
      sha256: f7142bb1154231d7ea5f96bc7bde4bda2a0945d2806bb11670e30b850d56bdec
      url: "https://pub.dev"
    source: hosted
    version: "0.11.1"
  material_symbols_icons:
    dependency: "direct main"
    description:
      name: material_symbols_icons
      sha256: "7626ce90395bc6dc2ecb7bdd84c04a97f3f084a4e923ff73791c3c409af02804"
      url: "https://pub.dev"
    source: hosted
    version: "4.2789.0"
  meta:
    dependency: transitive
    description:
      name: meta
      sha256: e3641ec5d63ebf0d9b41bd43201a66e3fc79a65db5f61fc181f04cd27aab950c
      url: "https://pub.dev"
    source: hosted
    version: "1.16.0"
  mime:
    dependency: transitive
    description:
      name: mime
      sha256: "801fd0b26f14a4a58ccb09d5892c3fbdeff209594300a542492cf13fba9d247a"
      url: "https://pub.dev"
    source: hosted
    version: "1.0.6"
  nested:
    dependency: transitive
    description:
      name: nested
      sha256: "03bac4c528c64c95c722ec99280375a6f2fc708eec17c7b3f07253b626cd2a20"
      url: "https://pub.dev"
    source: hosted
    version: "1.0.0"
  octo_image:
    dependency: "direct main"
    description:
      name: octo_image
      sha256: "34faa6639a78c7e3cbe79be6f9f96535867e879748ade7d17c9b1ae7536293bd"
      url: "https://pub.dev"
    source: hosted
    version: "2.1.0"
  openapi:
    dependency: "direct main"
    description:
      path: openapi
      relative: true
    source: path
    version: "1.0.0"
  package_config:
    dependency: transitive
    description:
      name: package_config
      sha256: "1c5b77ccc91e4823a5af61ee74e6b972db1ef98c2ff5a18d3161c982a55448bd"
      url: "https://pub.dev"
    source: hosted
    version: "2.1.0"
  package_info_plus:
    dependency: "direct main"
    description:
      name: package_info_plus
      sha256: df3eb3e0aed5c1107bb0fdb80a8e82e778114958b1c5ac5644fb1ac9cae8a998
      url: "https://pub.dev"
    source: hosted
    version: "8.1.0"
  package_info_plus_platform_interface:
    dependency: transitive
    description:
      name: package_info_plus_platform_interface
      sha256: ac1f4a4847f1ade8e6a87d1f39f5d7c67490738642e2542f559ec38c37489a66
      url: "https://pub.dev"
    source: hosted
    version: "3.0.1"
  path:
    dependency: "direct main"
    description:
      name: path
      sha256: "75cca69d1490965be98c73ceaea117e8a04dd21217b37b292c9ddbec0d955bc5"
      url: "https://pub.dev"
    source: hosted
    version: "1.9.1"
  path_parsing:
    dependency: transitive
    description:
      name: path_parsing
      sha256: e3e67b1629e6f7e8100b367d3db6ba6af4b1f0bb80f64db18ef1fbabd2fa9ccf
      url: "https://pub.dev"
    source: hosted
    version: "1.0.1"
  path_provider:
    dependency: "direct main"
    description:
      name: path_provider
      sha256: fec0d61223fba3154d87759e3cc27fe2c8dc498f6386c6d6fc80d1afdd1bf378
      url: "https://pub.dev"
    source: hosted
    version: "2.1.4"
  path_provider_android:
    dependency: transitive
    description:
      name: path_provider_android
      sha256: "6f01f8e37ec30b07bc424b4deabac37cacb1bc7e2e515ad74486039918a37eb7"
      url: "https://pub.dev"
    source: hosted
    version: "2.2.10"
  path_provider_foundation:
    dependency: transitive
    description:
      name: path_provider_foundation
      sha256: f234384a3fdd67f989b4d54a5d73ca2a6c422fa55ae694381ae0f4375cd1ea16
      url: "https://pub.dev"
    source: hosted
    version: "2.4.0"
  path_provider_linux:
    dependency: transitive
    description:
      name: path_provider_linux
      sha256: f7a1fe3a634fe7734c8d3f2766ad746ae2a2884abe22e241a8b301bf5cac3279
      url: "https://pub.dev"
    source: hosted
    version: "2.2.1"
  path_provider_platform_interface:
    dependency: transitive
    description:
      name: path_provider_platform_interface
      sha256: "88f5779f72ba699763fa3a3b06aa4bf6de76c8e5de842cf6f29e2e06476c2334"
      url: "https://pub.dev"
    source: hosted
    version: "2.1.2"
  path_provider_windows:
    dependency: transitive
    description:
      name: path_provider_windows
      sha256: bd6f00dbd873bfb70d0761682da2b3a2c2fccc2b9e84c495821639601d81afe7
      url: "https://pub.dev"
    source: hosted
    version: "2.3.0"
  permission_handler:
    dependency: "direct main"
    description:
      name: permission_handler
      sha256: "18bf33f7fefbd812f37e72091a15575e72d5318854877e0e4035a24ac1113ecb"
      url: "https://pub.dev"
    source: hosted
    version: "11.3.1"
  permission_handler_android:
    dependency: transitive
    description:
      name: permission_handler_android
      sha256: "71bbecfee799e65aff7c744761a57e817e73b738fedf62ab7afd5593da21f9f1"
      url: "https://pub.dev"
    source: hosted
    version: "12.0.13"
  permission_handler_apple:
    dependency: transitive
    description:
      name: permission_handler_apple
      sha256: e6f6d73b12438ef13e648c4ae56bd106ec60d17e90a59c4545db6781229082a0
      url: "https://pub.dev"
    source: hosted
    version: "9.4.5"
  permission_handler_html:
    dependency: transitive
    description:
      name: permission_handler_html
      sha256: af26edbbb1f2674af65a8f4b56e1a6f526156bc273d0e65dd8075fab51c78851
      url: "https://pub.dev"
    source: hosted
    version: "0.1.3+2"
  permission_handler_platform_interface:
    dependency: transitive
    description:
      name: permission_handler_platform_interface
      sha256: e9c8eadee926c4532d0305dff94b85bf961f16759c3af791486613152af4b4f9
      url: "https://pub.dev"
    source: hosted
    version: "4.2.3"
  permission_handler_windows:
    dependency: transitive
    description:
      name: permission_handler_windows
      sha256: "1a790728016f79a41216d88672dbc5df30e686e811ad4e698bfc51f76ad91f1e"
      url: "https://pub.dev"
    source: hosted
    version: "0.2.1"
  petitparser:
    dependency: transitive
    description:
      name: petitparser
      sha256: c15605cd28af66339f8eb6fbe0e541bfe2d1b72d5825efc6598f3e0a31b9ad27
      url: "https://pub.dev"
    source: hosted
    version: "6.0.2"
  photo_manager:
    dependency: "direct main"
    description:
      name: photo_manager
      sha256: "70159eee32203e8162d49d588232f0299ed3f383c63eef1e899cb6b83dee6b26"
      url: "https://pub.dev"
    source: hosted
    version: "3.5.1"
  photo_manager_image_provider:
    dependency: "direct main"
    description:
      name: photo_manager_image_provider
      sha256: b6015b67b32f345f57cf32c126f871bced2501236c405aafaefa885f7c821e4f
      url: "https://pub.dev"
    source: hosted
    version: "2.2.0"
  pigeon:
    dependency: "direct dev"
    description:
      name: pigeon
      sha256: "2f7af49f530b3208131489ce601f8d95d567b3fa3c71265a87f62b0b87d41e91"
      url: "https://pub.dev"
    source: hosted
    version: "22.5.0"
  platform:
    dependency: transitive
    description:
      name: platform
      sha256: "9b71283fc13df574056616011fb138fd3b793ea47cc509c189a6c3fa5f8a1a65"
      url: "https://pub.dev"
    source: hosted
    version: "3.1.5"
  plugin_platform_interface:
    dependency: transitive
    description:
      name: plugin_platform_interface
      sha256: "4820fbfdb9478b1ebae27888254d445073732dae3d6ea81f0b7e06d5dedc3f02"
      url: "https://pub.dev"
    source: hosted
    version: "2.1.8"
  pool:
    dependency: transitive
    description:
      name: pool
      sha256: "20fe868b6314b322ea036ba325e6fc0711a22948856475e2c2b6306e8ab39c2a"
      url: "https://pub.dev"
    source: hosted
    version: "1.5.1"
  provider:
    dependency: transitive
    description:
      name: provider
      sha256: c8a055ee5ce3fd98d6fc872478b03823ffdb448699c6ebdbbc71d59b596fd48c
      url: "https://pub.dev"
    source: hosted
    version: "6.1.2"
  pub_semver:
    dependency: transitive
    description:
      name: pub_semver
      sha256: "40d3ab1bbd474c4c2328c91e3a7df8c6dd629b79ece4c4bd04bee496a224fb0c"
      url: "https://pub.dev"
    source: hosted
    version: "2.1.4"
  pubspec_parse:
    dependency: transitive
    description:
      name: pubspec_parse
      sha256: c799b721d79eb6ee6fa56f00c04b472dcd44a30d258fac2174a6ec57302678f8
      url: "https://pub.dev"
    source: hosted
    version: "1.3.0"
  recase:
    dependency: transitive
    description:
      name: recase
      sha256: e4eb4ec2dcdee52dcf99cb4ceabaffc631d7424ee55e56f280bc039737f89213
      url: "https://pub.dev"
    source: hosted
    version: "4.1.0"
  rxdart:
    dependency: transitive
    description:
      name: rxdart
      sha256: "5c3004a4a8dbb94bd4bf5412a4def4acdaa12e12f269737a5751369e12d1a962"
      url: "https://pub.dev"
    source: hosted
    version: "0.28.0"
  shelf:
    dependency: transitive
    description:
      name: shelf
      sha256: ad29c505aee705f41a4d8963641f91ac4cee3c8fad5947e033390a7bd8180fa4
      url: "https://pub.dev"
    source: hosted
    version: "1.4.1"
  shelf_web_socket:
    dependency: transitive
    description:
      name: shelf_web_socket
      sha256: "073c147238594ecd0d193f3456a5fe91c4b0abbcc68bf5cd95b36c4e194ac611"
      url: "https://pub.dev"
    source: hosted
    version: "2.0.0"
  skeletonizer:
    dependency: "direct main"
    description:
      name: skeletonizer
      sha256: "3b202e4fa9c49b017d368fb0e570d4952bcd19972b67b2face071bdd68abbfae"
      url: "https://pub.dev"
    source: hosted
    version: "1.4.2"
  sky_engine:
    dependency: transitive
    description: flutter
    source: sdk
    version: "0.0.0"
  slang:
    dependency: "direct main"
    description:
      name: slang
      sha256: a466773de768eb95bdf681e0a92e7c8010d44bb247b62130426c83ece33aeaed
      url: "https://pub.dev"
    source: hosted
    version: "3.32.0"
  slang_build_runner:
    dependency: "direct dev"
    description:
      name: slang_build_runner
      sha256: b2e0c63f3c801a4aa70b4ca43173893d6eb7d5a421fc9d97ad983527397631b3
      url: "https://pub.dev"
    source: hosted
    version: "3.32.0"
  slang_flutter:
    dependency: "direct main"
    description:
      name: slang_flutter
      sha256: "1a98e878673996902fa5ef0b61ce5c245e41e4d25640d18af061c6aab917b0c7"
      url: "https://pub.dev"
    source: hosted
    version: "3.32.0"
  source_gen:
    dependency: transitive
    description:
      name: source_gen
      sha256: "14658ba5f669685cd3d63701d01b31ea748310f7ab854e471962670abcf57832"
      url: "https://pub.dev"
    source: hosted
    version: "1.5.0"
  source_span:
    dependency: transitive
    description:
      name: source_span
      sha256: "254ee5351d6cb365c859e20ee823c3bb479bf4a293c22d17a9f1bf144ce86f7c"
      url: "https://pub.dev"
    source: hosted
    version: "1.10.1"
  sprintf:
    dependency: transitive
    description:
      name: sprintf
      sha256: "1fc9ffe69d4df602376b52949af107d8f5703b77cda567c4d7d86a0693120f23"
      url: "https://pub.dev"
    source: hosted
    version: "7.0.0"
  sqflite:
    dependency: transitive
    description:
      name: sqflite
      sha256: a43e5a27235518c03ca238e7b4732cf35eabe863a369ceba6cbefa537a66f16d
      url: "https://pub.dev"
    source: hosted
    version: "2.3.3+1"
  sqflite_common:
    dependency: transitive
    description:
      name: sqflite_common
      sha256: "7b41b6c3507854a159e24ae90a8e3e9cc01eb26a477c118d6dca065b5f55453e"
      url: "https://pub.dev"
    source: hosted
    version: "2.5.4+2"
  sqlite3:
    dependency: "direct main"
    description:
      name: sqlite3
      sha256: "45f168ae2213201b54e09429ed0c593dc2c88c924a1488d6f9c523a255d567cb"
      url: "https://pub.dev"
    source: hosted
    version: "2.4.6"
  sqlite3_flutter_libs:
    dependency: "direct main"
    description:
      name: sqlite3_flutter_libs
      sha256: "62bbb4073edbcdf53f40c80775f33eea01d301b7b81417e5b3fb7395416258c1"
      url: "https://pub.dev"
    source: hosted
    version: "0.5.24"
  sqlparser:
    dependency: transitive
    description:
      name: sqlparser
      sha256: c5f63dff8677407ddcddfa4744c176ea6dc44286c47ba9e69e76d8071398034d
      url: "https://pub.dev"
    source: hosted
    version: "0.39.1"
  stack_trace:
    dependency: transitive
    description:
      name: stack_trace
      sha256: "8b27215b45d22309b5cddda1aa2b19bdfec9df0e765f2de506401c071d38d1b1"
      url: "https://pub.dev"
    source: hosted
    version: "1.12.1"
  stream_channel:
    dependency: transitive
    description:
      name: stream_channel
      sha256: "969e04c80b8bcdf826f8f16579c7b14d780458bd97f56d107d3950fdbeef059d"
      url: "https://pub.dev"
    source: hosted
    version: "2.1.4"
  stream_transform:
    dependency: transitive
    description:
      name: stream_transform
      sha256: "14a00e794c7c11aa145a170587321aedce29769c08d7f58b1d141da75e3b1c6f"
      url: "https://pub.dev"
    source: hosted
    version: "2.1.0"
  string_scanner:
    dependency: transitive
    description:
      name: string_scanner
      sha256: "921cd31725b72fe181906c6a94d987c78e3b98c2e205b397ea399d4054872b43"
      url: "https://pub.dev"
    source: hosted
    version: "1.4.1"
  synchronized:
    dependency: transitive
    description:
      name: synchronized
      sha256: a824e842b8a054f91a728b783c177c1e4731f6b124f9192468457a8913371255
      url: "https://pub.dev"
    source: hosted
    version: "3.2.0"
  term_glyph:
    dependency: transitive
    description:
      name: term_glyph
      sha256: "7f554798625ea768a7518313e58f83891c7f5024f88e46e7182a4558850a4b8e"
      url: "https://pub.dev"
    source: hosted
    version: "1.2.2"
  test_api:
    dependency: transitive
    description:
      name: test_api
      sha256: fb31f383e2ee25fbbfe06b40fe21e1e458d14080e3c67e7ba0acfde4df4e0bbd
      url: "https://pub.dev"
    source: hosted
    version: "0.7.4"
  time:
    dependency: transitive
    description:
      name: time
      sha256: ad8e018a6c9db36cb917a031853a1aae49467a93e0d464683e029537d848c221
      url: "https://pub.dev"
    source: hosted
    version: "2.1.4"
  timing:
    dependency: transitive
    description:
      name: timing
      sha256: "70a3b636575d4163c477e6de42f247a23b315ae20e86442bebe32d3cabf61c32"
      url: "https://pub.dev"
    source: hosted
    version: "1.0.1"
  typed_data:
    dependency: transitive
    description:
      name: typed_data
      sha256: facc8d6582f16042dd49f2463ff1bd6e2c9ef9f3d5da3d9b087e244a7b564b3c
      url: "https://pub.dev"
    source: hosted
    version: "1.3.2"
  url_launcher:
    dependency: "direct main"
    description:
      name: url_launcher
      sha256: "9d06212b1362abc2f0f0d78e6f09f726608c74e3b9462e8368bb03314aa8d603"
      url: "https://pub.dev"
    source: hosted
    version: "6.3.1"
  url_launcher_android:
    dependency: transitive
    description:
      name: url_launcher_android
      sha256: e35a698ac302dd68e41f73250bd9517fe3ab5fa4f18fe4647a0872db61bacbab
      url: "https://pub.dev"
    source: hosted
    version: "6.3.10"
  url_launcher_ios:
    dependency: transitive
    description:
      name: url_launcher_ios
      sha256: e43b677296fadce447e987a2f519dcf5f6d1e527dc35d01ffab4fff5b8a7063e
      url: "https://pub.dev"
    source: hosted
    version: "6.3.1"
  url_launcher_linux:
    dependency: transitive
    description:
      name: url_launcher_linux
      sha256: e2b9622b4007f97f504cd64c0128309dfb978ae66adbe944125ed9e1750f06af
      url: "https://pub.dev"
    source: hosted
    version: "3.2.0"
  url_launcher_macos:
    dependency: transitive
    description:
      name: url_launcher_macos
      sha256: "9a1a42d5d2d95400c795b2914c36fdcb525870c752569438e4ebb09a2b5d90de"
      url: "https://pub.dev"
    source: hosted
    version: "3.2.0"
  url_launcher_platform_interface:
    dependency: transitive
    description:
      name: url_launcher_platform_interface
      sha256: "552f8a1e663569be95a8190206a38187b531910283c3e982193e4f2733f01029"
      url: "https://pub.dev"
    source: hosted
    version: "2.3.2"
  url_launcher_web:
    dependency: transitive
    description:
      name: url_launcher_web
      sha256: "772638d3b34c779ede05ba3d38af34657a05ac55b06279ea6edd409e323dca8e"
      url: "https://pub.dev"
    source: hosted
    version: "2.3.3"
  url_launcher_windows:
    dependency: transitive
    description:
      name: url_launcher_windows
      sha256: "49c10f879746271804767cb45551ec5592cdab00ee105c06dddde1a98f73b185"
      url: "https://pub.dev"
    source: hosted
    version: "3.1.2"
  uuid:
    dependency: transitive
    description:
      name: uuid
      sha256: f33d6bb662f0e4f79dcd7ada2e6170f3b3a2530c28fc41f49a411ddedd576a77
      url: "https://pub.dev"
    source: hosted
    version: "4.5.0"
  vector_graphics_codec:
    dependency: transitive
    description:
      name: vector_graphics_codec
      sha256: c86987475f162fadff579e7320c7ddda04cd2fdeffbe1129227a85d9ac9e03da
      url: "https://pub.dev"
    source: hosted
    version: "1.1.11+1"
  vector_graphics_compiler:
    dependency: transitive
    description:
      name: vector_graphics_compiler
      sha256: "12faff3f73b1741a36ca7e31b292ddeb629af819ca9efe9953b70bd63fc8cd81"
      url: "https://pub.dev"
    source: hosted
    version: "1.1.11+1"
  vector_math:
    dependency: transitive
    description:
      name: vector_math
      sha256: "80b3257d1492ce4d091729e3a67a60407d227c27241d6927be0130c98e741803"
      url: "https://pub.dev"
    source: hosted
    version: "2.1.4"
  vm_service:
    dependency: transitive
    description:
      name: vm_service
      sha256: "0968250880a6c5fe7edc067ed0a13d4bae1577fe2771dcf3010d52c4a9d3ca14"
      url: "https://pub.dev"
    source: hosted
    version: "14.3.1"
  watcher:
    dependency: transitive
    description:
      name: watcher
      sha256: "3d2ad6751b3c16cf07c7fca317a1413b3f26530319181b37e3b9039b84fc01d8"
      url: "https://pub.dev"
    source: hosted
    version: "1.1.0"
  web:
    dependency: transitive
    description:
      name: web
      sha256: d43c1d6b787bf0afad444700ae7f4db8827f701bc61c255ac8d328c6f4d52062
      url: "https://pub.dev"
    source: hosted
    version: "1.0.0"
  web_socket:
    dependency: transitive
    description:
      name: web_socket
      sha256: "3c12d96c0c9a4eec095246debcea7b86c0324f22df69893d538fcc6f1b8cce83"
      url: "https://pub.dev"
    source: hosted
    version: "0.1.6"
  web_socket_channel:
    dependency: transitive
    description:
      name: web_socket_channel
      sha256: "9f187088ed104edd8662ca07af4b124465893caf063ba29758f97af57e61da8f"
      url: "https://pub.dev"
    source: hosted
    version: "3.0.1"
  win32:
    dependency: transitive
    description:
      name: win32
      sha256: "68d1e89a91ed61ad9c370f9f8b6effed9ae5e0ede22a270bdfa6daf79fc2290a"
      url: "https://pub.dev"
    source: hosted
    version: "5.5.4"
  win32_registry:
    dependency: transitive
    description:
      name: win32_registry
      sha256: "723b7f851e5724c55409bb3d5a32b203b3afe8587eaf5dafb93a5fed8ecda0d6"
      url: "https://pub.dev"
    source: hosted
    version: "1.1.4"
  window_to_front:
    dependency: transitive
    description:
      name: window_to_front
      sha256: "7aef379752b7190c10479e12b5fd7c0b9d92adc96817d9e96c59937929512aee"
      url: "https://pub.dev"
    source: hosted
    version: "0.0.3"
  xdg_directories:
    dependency: transitive
    description:
      name: xdg_directories
      sha256: faea9dee56b520b55a566385b84f2e8de55e7496104adada9962e0bd11bcff1d
      url: "https://pub.dev"
    source: hosted
    version: "1.0.4"
  xml:
    dependency: transitive
    description:
      name: xml
      sha256: b015a8ad1c488f66851d762d3090a21c600e479dc75e68328c52774040cf9226
      url: "https://pub.dev"
    source: hosted
    version: "6.5.0"
  xxh3:
    dependency: transitive
    description:
      name: xxh3
      sha256: "399a0438f5d426785723c99da6b16e136f4953fb1e9db0bf270bd41dd4619916"
      url: "https://pub.dev"
    source: hosted
    version: "1.2.0"
  yaml:
    dependency: transitive
    description:
      name: yaml
      sha256: "75769501ea3489fca56601ff33454fe45507ea3bfb014161abc3b43ae25989d5"
      url: "https://pub.dev"
    source: hosted
    version: "3.1.2"
sdks:
  dart: ">=3.7.0-0 <4.0.0"
  flutter: ">=3.24.0"
