name: Weblate checks

on:
  pull_request:
    branches: [main]

permissions: {}

jobs:
  pre-job:
    runs-on: ubuntu-latest
    permissions:
      contents: read
    outputs:
      should_run: ${{ steps.check.outputs.should_run }}
    steps:
      - name: Check what should run
        id: check
        uses: ./.github/actions/pre-job
        with:
          filters: |
            i18n:
              - 'i18n/!(en)**\.json'
          exclude-branches: 'chore/translations'
          skip-force-logic: 'true'

  enforce-lock:
    name: Check Weblate Lock
    needs: [pre-job]
    runs-on: ubuntu-latest
    permissions: {}
    if: ${{ fromJSON(needs.pre-job.outputs.should_run).i18n == true }}
    steps:
      - name: Check weblate lock
        run: |
          if [[ "false" = $(curl https://hosted.weblate.org/api/components/immich/immich/lock/ | jq .locked) ]]; then
            exit 1
          fi
      - name: Find Pull Request
        uses: juliangruber/find-pull-request-action@48b6133aa6c826f267ebd33aa2d29470f9d9e7d0 # v1.9.0
        id: find-pr
        with:
          branch: chore/translations
      - name: Fail if existing weblate PR
        if: ${{ steps.find-pr.outputs.number }}
        run: exit 1
  success-check-lock:
    name: Weblate Lock Check Success
    needs: [enforce-lock]
    runs-on: ubuntu-latest
    permissions: {}
    if: always()
    steps:
      - uses: immich-app/devtools/actions/success-check@68f10eb389bb02a3cf9d1156111964c549eb421b # 0.0.4
        with:
          needs: ${{ toJSON(needs) }}
